
Microsoft Visual Studio Solution File, Format Version 12.00
# Visual Studio Version 17
VisualStudioVersion = 17.9.34714.143
MinimumVisualStudioVersion = 10.0.40219.1
Project("{FAE04EC0-301F-11D3-BF4B-00C04F79EFBC}") = "Exemplos", "Exemplos.csproj", "{6F1D2437-1E9F-4D0B-9BCA-F8A08BFC966D}"
EndProject
Global
	GlobalSection(SolutionConfigurationPlatforms) = preSolution
		Debug|Any CPU = Debug|Any CPU
		Release|Any CPU = Release|Any CPU
	EndGlobalSection
	GlobalSection(ProjectConfigurationPlatforms) = postSolution
		{6F1D2437-1E9F-4D0B-9BCA-F8A08BFC966D}.Debug|Any CPU.ActiveCfg = Debug|Any CPU
		{6F1D2437-1E9F-4D0B-9BCA-F8A08BFC966D}.Debug|Any CPU.Build.0 = Debug|Any CPU
		{6F1D2437-1E9F-4D0B-9BCA-F8A08BFC966D}.Release|Any CPU.ActiveCfg = Release|Any CPU
		{6F1D2437-1E9F-4D0B-9BCA-F8A08BFC966D}.Release|Any CPU.Build.0 = Release|Any CPU
	EndGlobalSection
	GlobalSection(SolutionProperties) = preSolution
		HideSolutionNode = FALSE
	EndGlobalSection
	GlobalSection(ExtensibilityGlobals) = postSolution
		SolutionGuid = {62B56A98-810C-4898-A117-3B28E99ED17F}
	EndGlobalSection
EndGlobal
